
Microsoft Visual Studio Solution File, Format Version 11.00
# Visual C++ Express 2010
Project("{8BC9CEB8-8B4A-11D0-8D11-00A0C91BC942}") = "NoiseAnalysis", "NoiseAnalysis\NoiseAnalysis.vcxproj", "{79A08DC7-E3E6-47CE-89AC-C11D6168C5C0}"
EndProject
Global
	GlobalSection(SolutionConfigurationPlatforms) = preSolution
		Debug|Win32 = Debug|Win32
		Release|Win32 = Release|Win32
	EndGlobalSection
	GlobalSection(ProjectConfigurationPlatforms) = postSolution
		{79A08DC7-E3E6-47CE-89AC-C11D6168C5C0}.Debug|Win32.ActiveCfg = Debug|Win32
		{79A08DC7-E3E6-47CE-89AC-C11D6168C5C0}.Debug|Win32.Build.0 = Debug|Win32
		{79A08DC7-E3E6-47CE-89AC-C11D6168C5C0}.Release|Win32.ActiveCfg = Release|Win32
		{79A08DC7-E3E6-47CE-89AC-C11D6168C5C0}.Release|Win32.Build.0 = Release|Win32
	EndGlobalSection
	GlobalSection(SolutionProperties) = preSolution
		HideSolutionNode = FALSE
	EndGlobalSection
EndGlobal
